
Microsoft Visual Studio Solution File, Format Version 12.00
# Visual Studio Version 17
VisualStudioVersion = 17.5.002.0
MinimumVisualStudioVersion = 10.0.40219.1
Project("{9A19103F-16F7-4668-BE54-9A1E7A4F7556}") = "API", "API.csproj", "{B81F20E5-CF24-4C01-95C2-2C75591FAC78}"
EndProject
Project("{FAE04EC0-301F-11D3-BF4B-00C04F79EFBC}") = "ConcertApp", "..\ConcertApp\ConcertApp.csproj", "{385E18BC-AC41-4CE7-996A-334DC556EBB4}"
EndProject
Global
	GlobalSection(SolutionConfigurationPlatforms) = preSolution
		Debug|Any CPU = Debug|Any CPU
		Release|Any CPU = Release|Any CPU
	EndGlobalSection
	GlobalSection(ProjectConfigurationPlatforms) = postSolution
		{B81F20E5-CF24-4C01-95C2-2C75591FAC78}.Debug|Any CPU.ActiveCfg = Debug|Any CPU
		{B81F20E5-CF24-4C01-95C2-2C75591FAC78}.Debug|Any CPU.Build.0 = Debug|Any CPU
		{B81F20E5-CF24-4C01-95C2-2C75591FAC78}.Release|Any CPU.ActiveCfg = Release|Any CPU
		{B81F20E5-CF24-4C01-95C2-2C75591FAC78}.Release|Any CPU.Build.0 = Release|Any CPU
		{385E18BC-AC41-4CE7-996A-334DC556EBB4}.Debug|Any CPU.ActiveCfg = Debug|Any CPU
		{385E18BC-AC41-4CE7-996A-334DC556EBB4}.Debug|Any CPU.Build.0 = Debug|Any CPU
		{385E18BC-AC41-4CE7-996A-334DC556EBB4}.Release|Any CPU.ActiveCfg = Release|Any CPU
		{385E18BC-AC41-4CE7-996A-334DC556EBB4}.Release|Any CPU.Build.0 = Release|Any CPU
	EndGlobalSection
	GlobalSection(SolutionProperties) = preSolution
		HideSolutionNode = FALSE
	EndGlobalSection
	GlobalSection(ExtensibilityGlobals) = postSolution
		SolutionGuid = {7BA4F36B-52A0-470A-B1FD-D6C8EF968B51}
	EndGlobalSection
EndGlobal
